{
  "name": "snof-for-org-fe",
  "version": "1.0.0",
  "lockfileVersion": 3,
  "requires": true,
  "packages": {
    "": {
      "name": "snof-for-org-fe",
      "version": "1.0.0",
      "license": "ISC",
      "dependencies": {
        "@fortawesome/fontawesome-svg-core": "^6.3.0",
        "@fortawesome/free-regular-svg-icons": "^6.3.0",
        "@fortawesome/free-solid-svg-icons": "^6.3.0",
        "@fortawesome/react-fontawesome": "^0.2.0",
        "@reduxjs/toolkit": "^1.9.5",
        "chartjs": "^0.3.24",
        "react": "^18.2.0",
        "react-calendar": "^4.0.0",
        "react-chartjs-2": "^5.2.0",
        "react-dom": "^18.2.0",
        "react-fast-compare": "^3.2.0",
        "react-html5video": "^2.5.1",
        "react-icons": "^4.7.1",
        "react-redux": "^8.0.5",
        "react-router-dom": "^6.8.2",
        "react-toastify": "^9.1.3"
      },
      "devDependencies": {
        "@types/react": "^18.0.28",
        "@types/react-dom": "^18.0.11"
      }
    },
    "node_modules/@babel/runtime": {
      "version": "7.21.5",
      "resolved": "https://registry.npmjs.org/@babel/runtime/-/runtime-7.21.5.tgz",
      "integrity": "sha512-8jI69toZqqcsnqGGqwGS4Qb1VwLOEp4hz+CXPywcvjs60u3B4Pom/U/7rm4W8tMOYEB+E9wgD0mW1l3r8qlI9Q==",
      "dependencies": {
        "regenerator-runtime": "^0.13.11"
      },
      "engines": {
        "node": ">=6.9.0"
      }
    },
    "node_modules/@fortawesome/fontawesome-common-types": {
      "version": "6.3.0",
      "hasInstallScript": true,
      "license": "MIT",
      "engines": {
        "node": ">=6"
      }
    },
    "node_modules/@fortawesome/fontawesome-svg-core": {
      "version": "6.3.0",
      "hasInstallScript": true,
      "license": "MIT",
      "dependencies": {
        "@fortawesome/fontawesome-common-types": "6.3.0"
      },
      "engines": {
        "node": ">=6"
      }
    },
    "node_modules/@fortawesome/free-regular-svg-icons": {
      "version": "6.3.0",
      "hasInstallScript": true,
      "license": "(CC-BY-4.0 AND MIT)",
      "dependencies": {
        "@fortawesome/fontawesome-common-types": "6.3.0"
      },
      "engines": {
        "node": ">=6"
      }
    },
    "node_modules/@fortawesome/free-solid-svg-icons": {
      "version": "6.3.0",
      "hasInstallScript": true,
      "license": "(CC-BY-4.0 AND MIT)",
      "dependencies": {
        "@fortawesome/fontawesome-common-types": "6.3.0"
      },
      "engines": {
        "node": ">=6"
      }
    },
    "node_modules/@fortawesome/react-fontawesome": {
      "version": "0.2.0",
      "license": "MIT",
      "dependencies": {
        "prop-types": "^15.8.1"
      },
      "peerDependencies": {
        "@fortawesome/fontawesome-svg-core": "~1 || ~6",
        "react": ">=16.3"
      }
    },
    "node_modules/@kurkle/color": {
      "version": "0.3.2",
      "license": "MIT",
      "peer": true
    },
    "node_modules/@reduxjs/toolkit": {
      "version": "1.9.5",
      "resolved": "https://registry.npmjs.org/@reduxjs/toolkit/-/toolkit-1.9.5.tgz",
      "integrity": "sha512-Rt97jHmfTeaxL4swLRNPD/zV4OxTes4la07Xc4hetpUW/vc75t5m1ANyxG6ymnEQ2FsLQsoMlYB2vV1sO3m8tQ==",
      "dependencies": {
        "immer": "^9.0.21",
        "redux": "^4.2.1",
        "redux-thunk": "^2.4.2",
        "reselect": "^4.1.8"
      },
      "peerDependencies": {
        "react": "^16.9.0 || ^17.0.0 || ^18",
        "react-redux": "^7.2.1 || ^8.0.2"
      },
      "peerDependenciesMeta": {
        "react": {
          "optional": true
        },
        "react-redux": {
          "optional": true
        }
      }
    },
    "node_modules/@remix-run/router": {
      "version": "1.4.0",
      "license": "MIT",
      "engines": {
        "node": ">=14"
      }
    },
    "node_modules/@types/hoist-non-react-statics": {
      "version": "3.3.1",
      "resolved": "https://registry.npmjs.org/@types/hoist-non-react-statics/-/hoist-non-react-statics-3.3.1.tgz",
      "integrity": "sha512-iMIqiko6ooLrTh1joXodJK5X9xeEALT1kM5G3ZLhD3hszxBdIEd5C75U834D9mLcINgD4OyZf5uQXjkuYydWvA==",
      "dependencies": {
        "@types/react": "*",
        "hoist-non-react-statics": "^3.3.0"
      }
    },
    "node_modules/@types/prop-types": {
      "version": "15.7.5",
      "license": "MIT"
    },
    "node_modules/@types/react": {
      "version": "18.0.28",
      "license": "MIT",
      "dependencies": {
        "@types/prop-types": "*",
        "@types/scheduler": "*",
        "csstype": "^3.0.2"
      }
    },
    "node_modules/@types/react-dom": {
      "version": "18.0.11",
      "devOptional": true,
      "license": "MIT",
      "dependencies": {
        "@types/react": "*"
      }
    },
    "node_modules/@types/scheduler": {
      "version": "0.16.2",
      "license": "MIT"
    },
    "node_modules/@types/use-sync-external-store": {
      "version": "0.0.3",
      "resolved": "https://registry.npmjs.org/@types/use-sync-external-store/-/use-sync-external-store-0.0.3.tgz",
      "integrity": "sha512-EwmlvuaxPNej9+T4v5AuBPJa2x2UOJVdjCtDHgcDqitUeOtjnJKJ+apYjVcAoBEMjKW1VVFGZLUb5+qqa09XFA=="
    },
    "node_modules/@wojtekmaj/date-utils": {
      "version": "1.1.2",
      "license": "MIT",
      "funding": {
        "url": "https://github.com/wojtekmaj/date-utils?sponsor=1"
      }
    },
    "node_modules/chart.js": {
      "version": "4.2.1",
      "license": "MIT",
      "peer": true,
      "dependencies": {
        "@kurkle/color": "^0.3.0"
      },
      "engines": {
        "pnpm": "^7.0.0"
      }
    },
    "node_modules/chartjs": {
      "version": "0.3.24",
      "license": "MIT"
    },
    "node_modules/clsx": {
      "version": "1.2.1",
      "license": "MIT",
      "engines": {
        "node": ">=6"
      }
    },
    "node_modules/csstype": {
      "version": "3.1.1",
      "license": "MIT"
    },
    "node_modules/get-user-locale": {
      "version": "1.5.1",
      "license": "MIT",
      "dependencies": {
        "lodash.memoize": "^4.1.1"
      },
      "funding": {
        "url": "https://github.com/wojtekmaj/get-user-locale?sponsor=1"
      }
    },
    "node_modules/hoist-non-react-statics": {
      "version": "3.3.2",
      "resolved": "https://registry.npmjs.org/hoist-non-react-statics/-/hoist-non-react-statics-3.3.2.tgz",
      "integrity": "sha512-/gGivxi8JPKWNm/W0jSmzcMPpfpPLc3dY/6GxhX2hQ9iGj3aDfklV4ET7NjKpSinLpJ5vafa9iiGIEZg10SfBw==",
      "dependencies": {
        "react-is": "^16.7.0"
      }
    },
    "node_modules/immer": {
      "version": "9.0.21",
      "resolved": "https://registry.npmjs.org/immer/-/immer-9.0.21.tgz",
      "integrity": "sha512-bc4NBHqOqSfRW7POMkHd51LvClaeMXpm8dx0e8oE2GORbq5aRK7Bxl4FyzVLdGtLmvLKL7BTDBG5ACQm4HWjTA==",
      "funding": {
        "type": "opencollective",
        "url": "https://opencollective.com/immer"
      }
    },
    "node_modules/js-tokens": {
      "version": "4.0.0",
      "license": "MIT"
    },
    "node_modules/lodash.memoize": {
      "version": "4.1.2",
      "license": "MIT"
    },
    "node_modules/loose-envify": {
      "version": "1.4.0",
      "license": "MIT",
      "dependencies": {
        "js-tokens": "^3.0.0 || ^4.0.0"
      },
      "bin": {
        "loose-envify": "cli.js"
      }
    },
    "node_modules/object-assign": {
      "version": "4.1.1",
      "license": "MIT",
      "engines": {
        "node": ">=0.10.0"
      }
    },
    "node_modules/prop-types": {
      "version": "15.8.1",
      "license": "MIT",
      "dependencies": {
        "loose-envify": "^1.4.0",
        "object-assign": "^4.1.1",
        "react-is": "^16.13.1"
      }
    },
    "node_modules/react": {
      "version": "18.2.0",
      "license": "MIT",
      "dependencies": {
        "loose-envify": "^1.1.0"
      },
      "engines": {
        "node": ">=0.10.0"
      }
    },
    "node_modules/react-calendar": {
      "version": "4.0.0",
      "license": "MIT",
      "dependencies": {
        "@wojtekmaj/date-utils": "^1.0.2",
        "clsx": "^1.2.1",
        "get-user-locale": "^1.2.0",
        "prop-types": "^15.6.0"
      },
      "funding": {
        "url": "https://github.com/wojtekmaj/react-calendar?sponsor=1"
      },
      "peerDependencies": {
        "react": "^16.8.0 || ^17.0.0 || ^18.0.0",
        "react-dom": "^16.8.0 || ^17.0.0 || ^18.0.0"
      }
    },
    "node_modules/react-chartjs-2": {
      "version": "5.2.0",
      "license": "MIT",
      "peerDependencies": {
        "chart.js": "^4.1.1",
        "react": "^16.8.0 || ^17.0.0 || ^18.0.0"
      }
    },
    "node_modules/react-dom": {
      "version": "18.2.0",
      "license": "MIT",
      "dependencies": {
        "loose-envify": "^1.1.0",
        "scheduler": "^0.23.0"
      },
      "peerDependencies": {
        "react": "^18.2.0"
      }
    },
    "node_modules/react-fast-compare": {
      "version": "3.2.1",
      "resolved": "https://registry.npmjs.org/react-fast-compare/-/react-fast-compare-3.2.1.tgz",
      "integrity": "sha512-xTYf9zFim2pEif/Fw16dBiXpe0hoy5PxcD8+OwBnTtNLfIm3g6WxhKNurY+6OmdH1u6Ta/W/Vl6vjbYP1MFnDg=="
    },
    "node_modules/react-html5video": {
      "version": "2.5.1",
      "resolved": "https://registry.npmjs.org/react-html5video/-/react-html5video-2.5.1.tgz",
      "integrity": "sha512-ELx5VIRJMIztYo7jdh0Xp1Ah6CziK3KGbwWsMOlNYyIUQHjFbjAEiAF8uY5CzVLofOA1159pbFgcVAPJSuqG2g==",
      "peerDependencies": {
        "react": ">=15.0.0",
        "react-dom": ">=15.0.0"
      }
    },
    "node_modules/react-icons": {
      "version": "4.7.1",
      "license": "MIT",
      "peerDependencies": {
        "react": "*"
      }
    },
    "node_modules/react-is": {
      "version": "16.13.1",
      "license": "MIT"
    },
    "node_modules/react-redux": {
      "version": "8.0.5",
      "resolved": "https://registry.npmjs.org/react-redux/-/react-redux-8.0.5.tgz",
      "integrity": "sha512-Q2f6fCKxPFpkXt1qNRZdEDLlScsDWyrgSj0mliK59qU6W5gvBiKkdMEG2lJzhd1rCctf0hb6EtePPLZ2e0m1uw==",
      "dependencies": {
        "@babel/runtime": "^7.12.1",
        "@types/hoist-non-react-statics": "^3.3.1",
        "@types/use-sync-external-store": "^0.0.3",
        "hoist-non-react-statics": "^3.3.2",
        "react-is": "^18.0.0",
        "use-sync-external-store": "^1.0.0"
      },
      "peerDependencies": {
        "@types/react": "^16.8 || ^17.0 || ^18.0",
        "@types/react-dom": "^16.8 || ^17.0 || ^18.0",
        "react": "^16.8 || ^17.0 || ^18.0",
        "react-dom": "^16.8 || ^17.0 || ^18.0",
        "react-native": ">=0.59",
        "redux": "^4"
      },
      "peerDependenciesMeta": {
        "@types/react": {
          "optional": true
        },
        "@types/react-dom": {
          "optional": true
        },
        "react-dom": {
          "optional": true
        },
        "react-native": {
          "optional": true
        },
        "redux": {
          "optional": true
        }
      }
    },
    "node_modules/react-redux/node_modules/react-is": {
      "version": "18.2.0",
      "resolved": "https://registry.npmjs.org/react-is/-/react-is-18.2.0.tgz",
      "integrity": "sha512-xWGDIW6x921xtzPkhiULtthJHoJvBbF3q26fzloPCK0hsvxtPVelvftw3zjbHWSkR2km9Z+4uxbDDK/6Zw9B8w=="
    },
    "node_modules/react-router": {
      "version": "6.9.0",
      "license": "MIT",
      "dependencies": {
        "@remix-run/router": "1.4.0"
      },
      "engines": {
        "node": ">=14"
      },
      "peerDependencies": {
        "react": ">=16.8"
      }
    },
    "node_modules/react-router-dom": {
      "version": "6.9.0",
      "license": "MIT",
      "dependencies": {
        "@remix-run/router": "1.4.0",
        "react-router": "6.9.0"
      },
      "engines": {
        "node": ">=14"
      },
      "peerDependencies": {
        "react": ">=16.8",
        "react-dom": ">=16.8"
      }
    },
    "node_modules/react-toastify": {
      "version": "9.1.3",
      "resolved": "https://registry.npmjs.org/react-toastify/-/react-toastify-9.1.3.tgz",
      "integrity": "sha512-fPfb8ghtn/XMxw3LkxQBk3IyagNpF/LIKjOBflbexr2AWxAH1MJgvnESwEwBn9liLFXgTKWgBSdZpw9m4OTHTg==",
      "dependencies": {
        "clsx": "^1.1.1"
      },
      "peerDependencies": {
        "react": ">=16",
        "react-dom": ">=16"
      }
    },
    "node_modules/redux": {
      "version": "4.2.1",
      "resolved": "https://registry.npmjs.org/redux/-/redux-4.2.1.tgz",
      "integrity": "sha512-LAUYz4lc+Do8/g7aeRa8JkyDErK6ekstQaqWQrNRW//MY1TvCEpMtpTWvlQ+FPbWCx+Xixu/6SHt5N0HR+SB4w==",
      "dependencies": {
        "@babel/runtime": "^7.9.2"
      }
    },
    "node_modules/redux-thunk": {
      "version": "2.4.2",
      "resolved": "https://registry.npmjs.org/redux-thunk/-/redux-thunk-2.4.2.tgz",
      "integrity": "sha512-+P3TjtnP0k/FEjcBL5FZpoovtvrTNT/UXd4/sluaSyrURlSlhLSzEdfsTBW7WsKB6yPvgd7q/iZPICFjW4o57Q==",
      "peerDependencies": {
        "redux": "^4"
      }
    },
    "node_modules/regenerator-runtime": {
      "version": "0.13.11",
      "resolved": "https://registry.npmjs.org/regenerator-runtime/-/regenerator-runtime-0.13.11.tgz",
      "integrity": "sha512-kY1AZVr2Ra+t+piVaJ4gxaFaReZVH40AKNo7UCX6W+dEwBo/2oZJzqfuN1qLq1oL45o56cPaTXELwrTh8Fpggg=="
    },
    "node_modules/reselect": {
      "version": "4.1.8",
      "resolved": "https://registry.npmjs.org/reselect/-/reselect-4.1.8.tgz",
      "integrity": "sha512-ab9EmR80F/zQTMNeneUr4cv+jSwPJgIlvEmVwLerwrWVbpLlBuls9XHzIeTFy4cegU2NHBp3va0LKOzU5qFEYQ=="
    },
    "node_modules/scheduler": {
      "version": "0.23.0",
      "license": "MIT",
      "dependencies": {
        "loose-envify": "^1.1.0"
      }
    },
    "node_modules/use-sync-external-store": {
      "version": "1.2.0",
      "resolved": "https://registry.npmjs.org/use-sync-external-store/-/use-sync-external-store-1.2.0.tgz",
      "integrity": "sha512-eEgnFxGQ1Ife9bzYs6VLi8/4X6CObHMw9Qr9tPY43iKwsPw8xE8+EFsf/2cFZ5S3esXgpWgtSCtLNS41F+sKPA==",
      "peerDependencies": {
        "react": "^16.8.0 || ^17.0.0 || ^18.0.0"
      }
    }
  }
}
